// !$*UTF8*$!
{
    archiveVersion = 1;
    classes = {};
    objectVersion = 56;
    objects = {
/* Begin PBXBuildFile section */
        E10000000000000000000063 /* RemoteImageTests.swift in Sources */ = {isa = PBXBuildFile; fileRef = E20000000000000000000063 /* RemoteImageTests.swift */; };
        E10000000000000000000062 /* ProductPhoto.swift in Sources */ = {isa = PBXBuildFile; fileRef = E20000000000000000000062 /* ProductPhoto.swift */; };
        E10000000000000000000061 /* RemoteImage.swift in Sources */ = {isa = PBXBuildFile; fileRef = E20000000000000000000061 /* RemoteImage.swift */; };
        A10000000000000000000036 /* SharedInteropTests.swift in Sources */ = {isa = PBXBuildFile; fileRef = A20000000000000000000036 /* SharedInteropTests.swift */; };
        A10000000000000000000037 /* SharedRuntimeTests.swift in Sources */ = {isa = PBXBuildFile; fileRef = A20000000000000000000037 /* SharedRuntimeTests.swift */; };
        A10000000000000000000038 /* ItemDetailPresenterOwnerTests.swift in Sources */ = {isa = PBXBuildFile; fileRef = A20000000000000000000038 /* ItemDetailPresenterOwnerTests.swift */; };
        A10000000000000000000311 /* ItemDetailPresenterOwner.swift in Sources */ = {isa = PBXBuildFile; fileRef = A20000000000000000000311 /* ItemDetailPresenterOwner.swift */; };
        A10000000000000000000312 /* LocalSubmissionDetailPresenterOwner.swift in Sources */ = {isa = PBXBuildFile; fileRef = A20000000000000000000312 /* LocalSubmissionDetailPresenterOwner.swift */; };
        A10000000000000000000208 /* WLEntryOwners.swift in Sources */ = {isa = PBXBuildFile; fileRef = A20000000000000000000208 /* WLEntryOwners.swift */; };
        A10000000000000000000039 /* WLEntryOwnersTests.swift in Sources */ = {isa = PBXBuildFile; fileRef = A20000000000000000000039 /* WLEntryOwnersTests.swift */; };
        A10000000000000000000301 /* AppRuntimeConfig.swift in Sources */ = {isa = PBXBuildFile; fileRef = A20000000000000000000301 /* AppRuntimeConfig.swift */; };
        A10000000000000000000302 /* DebugSessionBootstrap.swift in Sources */ = {isa = PBXBuildFile; fileRef = A20000000000000000000302 /* DebugSessionBootstrap.swift */; };
        A100000000000000000000FA /* Localizable.xcstrings in Resources */ = {isa = PBXBuildFile; fileRef = A200000000000000000000FA /* Localizable.xcstrings */; };
        A10000000000000000000001 /* WishlistApp.swift in Sources */ = {isa = PBXBuildFile; fileRef = A20000000000000000000001 /* WishlistApp.swift */; };
        A10000000000000000000002 /* ContentView.swift in Sources */ = {isa = PBXBuildFile; fileRef = A20000000000000000000002 /* ContentView.swift */; };
        A10000000000000000000003 /* WishlistTokens.swift in Sources */ = {isa = PBXBuildFile; fileRef = A20000000000000000000004 /* WishlistTokens.swift */; };
        A10000000000000000000004 /* WLTypography.swift in Sources */ = {isa = PBXBuildFile; fileRef = A20000000000000000000005 /* WLTypography.swift */; };
        A10000000000000000000005 /* do_hyeon.ttf in Resources */ = {isa = PBXBuildFile; fileRef = A20000000000000000000006 /* do_hyeon.ttf */; };
        A10000000000000000000006 /* ibm_plex_sans_kr_regular.ttf in Resources */ = {isa = PBXBuildFile; fileRef = A20000000000000000000007 /* ibm_plex_sans_kr_regular.ttf */; };
        A10000000000000000000007 /* ibm_plex_sans_kr_medium.ttf in Resources */ = {isa = PBXBuildFile; fileRef = A20000000000000000000008 /* ibm_plex_sans_kr_medium.ttf */; };
        A10000000000000000000008 /* ibm_plex_sans_kr_bold.ttf in Resources */ = {isa = PBXBuildFile; fileRef = A20000000000000000000009 /* ibm_plex_sans_kr_bold.ttf */; };
        A10000000000000000000009 /* OFL.txt in Resources */ = {isa = PBXBuildFile; fileRef = A20000000000000000000010 /* OFL.txt */; };
        A10000000000000000000030 /* PriceFormatTests.swift in Sources */ = {isa = PBXBuildFile; fileRef = A20000000000000000000030 /* PriceFormatTests.swift */; };
        A10000000000000000000031 /* SheetDragDecisionTests.swift in Sources */ = {isa = PBXBuildFile; fileRef = A20000000000000000000031 /* SheetDragDecisionTests.swift */; };
        A10000000000000000000032 /* OverlayHostStateTests.swift in Sources */ = {isa = PBXBuildFile; fileRef = A20000000000000000000032 /* OverlayHostStateTests.swift */; };
        A10000000000000000000101 /* WLTheme.swift in Sources */ = {isa = PBXBuildFile; fileRef = A20000000000000000000101 /* WLTheme.swift */; };
        A10000000000000000000102 /* WLButton.swift in Sources */ = {isa = PBXBuildFile; fileRef = A20000000000000000000102 /* WLButton.swift */; };
        A10000000000000000000103 /* WLCard.swift in Sources */ = {isa = PBXBuildFile; fileRef = A20000000000000000000103 /* WLCard.swift */; };
        A10000000000000000000104 /* WLIconTile.swift in Sources */ = {isa = PBXBuildFile; fileRef = A20000000000000000000104 /* WLIconTile.swift */; };
        A10000000000000000000105 /* WLChip.swift in Sources */ = {isa = PBXBuildFile; fileRef = A20000000000000000000105 /* WLChip.swift */; };
        A10000000000000000000106 /* WLInput.swift in Sources */ = {isa = PBXBuildFile; fileRef = A20000000000000000000106 /* WLInput.swift */; };
        A10000000000000000000107 /* WLUnderlineField.swift in Sources */ = {isa = PBXBuildFile; fileRef = A20000000000000000000107 /* WLUnderlineField.swift */; };
        A10000000000000000000108 /* PriceText.swift in Sources */ = {isa = PBXBuildFile; fileRef = A20000000000000000000108 /* PriceText.swift */; };
        A10000000000000000000109 /* PurposeDot.swift in Sources */ = {isa = PBXBuildFile; fileRef = A20000000000000000000109 /* PurposeDot.swift */; };
        A10000000000000000000110 /* EmptyState.swift in Sources */ = {isa = PBXBuildFile; fileRef = A20000000000000000000110 /* EmptyState.swift */; };
        A10000000000000000000111 /* ExpandableGroup.swift in Sources */ = {isa = PBXBuildFile; fileRef = A20000000000000000000111 /* ExpandableGroup.swift */; };
        A10000000000000000000112 /* Masonry2Col.swift in Sources */ = {isa = PBXBuildFile; fileRef = A20000000000000000000112 /* Masonry2Col.swift */; };
        A10000000000000000000118 /* WLHeaderSheet.swift in Sources */ = {isa = PBXBuildFile; fileRef = A20000000000000000000118 /* WLHeaderSheet.swift */; };
        A10000000000000000000119 /* WLTopBar.swift in Sources */ = {isa = PBXBuildFile; fileRef = A20000000000000000000119 /* WLTopBar.swift */; };
        A10000000000000000000113 /* OverlayHost.swift in Sources */ = {isa = PBXBuildFile; fileRef = A20000000000000000000113 /* OverlayHost.swift */; };
        A10000000000000000000114 /* Scrim.swift in Sources */ = {isa = PBXBuildFile; fileRef = A20000000000000000000114 /* Scrim.swift */; };
        A10000000000000000000115 /* WLBottomSheet.swift in Sources */ = {isa = PBXBuildFile; fileRef = A20000000000000000000115 /* WLBottomSheet.swift */; };
        A10000000000000000000116 /* WLConfirmDialog.swift in Sources */ = {isa = PBXBuildFile; fileRef = A20000000000000000000116 /* WLConfirmDialog.swift */; };
        A10000000000000000000117 /* WLMenu.swift in Sources */ = {isa = PBXBuildFile; fileRef = A20000000000000000000117 /* WLMenu.swift */; };
        A10000000000000000000033 /* WLNavigatorTests.swift in Sources */ = {isa = PBXBuildFile; fileRef = A20000000000000000000033 /* WLNavigatorTests.swift */; };
        A10000000000000000000034 /* WLTypographyTests.swift in Sources */ = {isa = PBXBuildFile; fileRef = A20000000000000000000034 /* WLTypographyTests.swift */; };
        A10000000000000000000035 /* WLHeaderSheetTests.swift in Sources */ = {isa = PBXBuildFile; fileRef = A20000000000000000000035 /* WLHeaderSheetTests.swift */; };
        A10000000000000000000201 /* WLRoute.swift in Sources */ = {isa = PBXBuildFile; fileRef = A20000000000000000000201 /* WLRoute.swift */; };
        A10000000000000000000202 /* WLNavigator.swift in Sources */ = {isa = PBXBuildFile; fileRef = A20000000000000000000202 /* WLNavigator.swift */; };
        A10000000000000000000203 /* WLNavHost.swift in Sources */ = {isa = PBXBuildFile; fileRef = A20000000000000000000203 /* WLNavHost.swift */; };
        A10000000000000000000204 /* WLTabBar.swift in Sources */ = {isa = PBXBuildFile; fileRef = A20000000000000000000204 /* WLTabBar.swift */; };
        A10000000000000000000205 /* WLNavMotion.swift in Sources */ = {isa = PBXBuildFile; fileRef = A20000000000000000000205 /* WLNavMotion.swift */; };
        A10000000000000000000206 /* WLSharedElement.swift in Sources */ = {isa = PBXBuildFile; fileRef = A20000000000000000000206 /* WLSharedElement.swift */; };
        A10000000000000000000207 /* WLEdgeBackGesture.swift in Sources */ = {isa = PBXBuildFile; fileRef = A20000000000000000000207 /* WLEdgeBackGesture.swift */; };
        A10000000000000000000211 /* DemoContent.swift in Sources */ = {isa = PBXBuildFile; fileRef = A20000000000000000000211 /* DemoContent.swift */; };
        A10000000000000000000213 /* DemoCategoryScreen.swift in Sources */ = {isa = PBXBuildFile; fileRef = A20000000000000000000213 /* DemoCategoryScreen.swift */; };
        A10000000000000000000214 /* DemoPurposeScreen.swift in Sources */ = {isa = PBXBuildFile; fileRef = A20000000000000000000214 /* DemoPurposeScreen.swift */; };
        A10000000000000000000215 /* DemoDetailScreen.swift in Sources */ = {isa = PBXBuildFile; fileRef = A20000000000000000000215 /* DemoDetailScreen.swift */; };
        C10000000000000000000001 /* ShareViewController.swift in Sources */ = {isa = PBXBuildFile; fileRef = C20000000000000000000001 /* ShareViewController.swift */; };
        C10000000000000000000002 /* ShareExtension.appex in Embed Foundation Extensions */ = {isa = PBXBuildFile; fileRef = C20000000000000000000004 /* ShareExtension.appex */; settings = {ATTRIBUTES = (RemoveHeadersOnCopy, ); }; };
        E10000000000000000000001 /* WishlistTokens.swift in Sources */ = {isa = PBXBuildFile; fileRef = A20000000000000000000004 /* WishlistTokens.swift */; };
        E10000000000000000000002 /* WLTypography.swift in Sources */ = {isa = PBXBuildFile; fileRef = A20000000000000000000005 /* WLTypography.swift */; };
        E10000000000000000000003 /* WLTheme.swift in Sources */ = {isa = PBXBuildFile; fileRef = A20000000000000000000101 /* WLTheme.swift */; };
        E10000000000000000000004 /* WLCard.swift in Sources */ = {isa = PBXBuildFile; fileRef = A20000000000000000000103 /* WLCard.swift */; };
        E10000000000000000000005 /* WLIconTile.swift in Sources */ = {isa = PBXBuildFile; fileRef = A20000000000000000000104 /* WLIconTile.swift */; };
        E10000000000000000000006 /* do_hyeon.ttf in Resources */ = {isa = PBXBuildFile; fileRef = A20000000000000000000006 /* do_hyeon.ttf */; };
        E10000000000000000000007 /* ibm_plex_sans_kr_regular.ttf in Resources */ = {isa = PBXBuildFile; fileRef = A20000000000000000000007 /* ibm_plex_sans_kr_regular.ttf */; };
        E10000000000000000000008 /* ibm_plex_sans_kr_medium.ttf in Resources */ = {isa = PBXBuildFile; fileRef = A20000000000000000000008 /* ibm_plex_sans_kr_medium.ttf */; };
        E10000000000000000000009 /* ibm_plex_sans_kr_bold.ttf in Resources */ = {isa = PBXBuildFile; fileRef = A20000000000000000000009 /* ibm_plex_sans_kr_bold.ttf */; };
        E10000000000000000000010 /* AppGroup.swift in Sources */ = {isa = PBXBuildFile; fileRef = E20000000000000000000001 /* AppGroup.swift */; };
        E10000000000000000000011 /* AppGroup.swift in Sources */ = {isa = PBXBuildFile; fileRef = E20000000000000000000001 /* AppGroup.swift */; };
        E10000000000000000000012 /* InboxRecordFile.swift in Sources */ = {isa = PBXBuildFile; fileRef = E20000000000000000000002 /* InboxRecordFile.swift */; };
        E10000000000000000000013 /* InboxRecordFile.swift in Sources */ = {isa = PBXBuildFile; fileRef = E20000000000000000000002 /* InboxRecordFile.swift */; };
        E10000000000000000000050 /* ShareInput.swift in Sources */ = {isa = PBXBuildFile; fileRef = E20000000000000000000050 /* ShareInput.swift */; };
        E10000000000000000000051 /* ShareInput.swift in Sources */ = {isa = PBXBuildFile; fileRef = E20000000000000000000050 /* ShareInput.swift */; };
        E10000000000000000000052 /* ShareInputTests.swift in Sources */ = {isa = PBXBuildFile; fileRef = E20000000000000000000051 /* ShareInputTests.swift */; };
        E10000000000000000000014 /* ShareTextExtractor.swift in Sources */ = {isa = PBXBuildFile; fileRef = E20000000000000000000003 /* ShareTextExtractor.swift */; };
        E10000000000000000000015 /* ShareTextExtractor.swift in Sources */ = {isa = PBXBuildFile; fileRef = E20000000000000000000003 /* ShareTextExtractor.swift */; };
        E10000000000000000000016 /* ShareInboxWriter.swift in Sources */ = {isa = PBXBuildFile; fileRef = E20000000000000000000004 /* ShareInboxWriter.swift */; };
        E10000000000000000000017 /* ShareInboxWriter.swift in Sources */ = {isa = PBXBuildFile; fileRef = E20000000000000000000004 /* ShareInboxWriter.swift */; };
        E10000000000000000000018 /* ShareCardView.swift in Sources */ = {isa = PBXBuildFile; fileRef = E20000000000000000000005 /* ShareCardView.swift */; };
        E10000000000000000000019 /* ShareDirectSender.swift in Sources */ = {isa = PBXBuildFile; fileRef = E20000000000000000000006 /* ShareDirectSender.swift */; };
        E10000000000000000000020 /* Localizable.xcstrings in Resources */ = {isa = PBXBuildFile; fileRef = E20000000000000000000007 /* Localizable.xcstrings */; };
        E10000000000000000000021 /* WLLineIcon.swift in Sources */ = {isa = PBXBuildFile; fileRef = E20000000000000000000008 /* WLLineIcon.swift */; };
        E10000000000000000000022 /* WLLineIcon.swift in Sources */ = {isa = PBXBuildFile; fileRef = E20000000000000000000008 /* WLLineIcon.swift */; };
        E10000000000000000000023 /* WLCircleButton.swift in Sources */ = {isa = PBXBuildFile; fileRef = E20000000000000000000009 /* WLCircleButton.swift */; };
        E10000000000000000000024 /* AppRoutes.swift in Sources */ = {isa = PBXBuildFile; fileRef = E20000000000000000000010 /* AppRoutes.swift */; };
        E10000000000000000000025 /* ShareInboxReader.swift in Sources */ = {isa = PBXBuildFile; fileRef = E20000000000000000000011 /* ShareInboxReader.swift */; };
        E10000000000000000000026 /* SessionMirror.swift in Sources */ = {isa = PBXBuildFile; fileRef = E20000000000000000000012 /* SessionMirror.swift */; };
        E10000000000000000000027 /* NetworkSignals.swift in Sources */ = {isa = PBXBuildFile; fileRef = E20000000000000000000013 /* NetworkSignals.swift */; };
        E10000000000000000000028 /* WebViewDataCleaner.swift in Sources */ = {isa = PBXBuildFile; fileRef = E20000000000000000000014 /* WebViewDataCleaner.swift */; };
        E10000000000000000000029 /* AppSignals.swift in Sources */ = {isa = PBXBuildFile; fileRef = E20000000000000000000015 /* AppSignals.swift */; };
        E10000000000000000000030 /* LoginScreen.swift in Sources */ = {isa = PBXBuildFile; fileRef = E20000000000000000000016 /* LoginScreen.swift */; };
        E10000000000000000000031 /* HomeScreen.swift in Sources */ = {isa = PBXBuildFile; fileRef = E20000000000000000000017 /* HomeScreen.swift */; };
        E10000000000000000000032 /* HomeLoggedOutView.swift in Sources */ = {isa = PBXBuildFile; fileRef = E20000000000000000000018 /* HomeLoggedOutView.swift */; };
        E10000000000000000000033 /* HomeLoggedInView.swift in Sources */ = {isa = PBXBuildFile; fileRef = E20000000000000000000019 /* HomeLoggedInView.swift */; };
        E10000000000000000000034 /* HomeRowText.swift in Sources */ = {isa = PBXBuildFile; fileRef = E20000000000000000000020 /* HomeRowText.swift */; };
        E10000000000000000000035 /* SettingsScreen.swift in Sources */ = {isa = PBXBuildFile; fileRef = E20000000000000000000021 /* SettingsScreen.swift */; };
        E10000000000000000000036 /* AccountPresenterOwner.swift in Sources */ = {isa = PBXBuildFile; fileRef = E20000000000000000000022 /* AccountPresenterOwner.swift */; };
        E10000000000000000000037 /* HomePresenterOwner.swift in Sources */ = {isa = PBXBuildFile; fileRef = E20000000000000000000023 /* HomePresenterOwner.swift */; };
        E10000000000000000000038 /* ShareTextExtractorTests.swift in Sources */ = {isa = PBXBuildFile; fileRef = E20000000000000000000024 /* ShareTextExtractorTests.swift */; };
        E10000000000000000000039 /* InboxWriterReaderTests.swift in Sources */ = {isa = PBXBuildFile; fileRef = E20000000000000000000025 /* InboxWriterReaderTests.swift */; };
        E10000000000000000000040 /* HomeRowTextTests.swift in Sources */ = {isa = PBXBuildFile; fileRef = E20000000000000000000026 /* HomeRowTextTests.swift */; };
        E10000000000000000000041 /* AccountPresenterOwnerTests.swift in Sources */ = {isa = PBXBuildFile; fileRef = E20000000000000000000027 /* AccountPresenterOwnerTests.swift */; };
/* End PBXBuildFile section */

/* Begin PBXCopyFilesBuildPhase section */
        C70000000000000000000001 /* Embed Foundation Extensions */ = {
            isa = PBXCopyFilesBuildPhase;
            buildActionMask = 2147483647;
            dstPath = "";
            dstSubfolderSpec = 13;
            files = (C10000000000000000000002 /* ShareExtension.appex in Embed Foundation Extensions */);
            name = "Embed Foundation Extensions";
            runOnlyForDeploymentPostprocessing = 0;
        };
/* End PBXCopyFilesBuildPhase section */

/* Begin PBXFileReference section */
        E20000000000000000000063 /* RemoteImageTests.swift */ = {isa = PBXFileReference; lastKnownFileType = sourcecode.swift; path = RemoteImageTests.swift; sourceTree = "<group>"; };
        E20000000000000000000062 /* ProductPhoto.swift */ = {isa = PBXFileReference; lastKnownFileType = sourcecode.swift; path = ProductPhoto.swift; sourceTree = "<group>"; };
        E20000000000000000000061 /* RemoteImage.swift */ = {isa = PBXFileReference; lastKnownFileType = sourcecode.swift; path = RemoteImage.swift; sourceTree = "<group>"; };
        A20000000000000000000036 /* SharedInteropTests.swift */ = {isa = PBXFileReference; lastKnownFileType = sourcecode.swift; path = SharedInteropTests.swift; sourceTree = "<group>"; };
        A20000000000000000000037 /* SharedRuntimeTests.swift */ = {isa = PBXFileReference; lastKnownFileType = sourcecode.swift; path = SharedRuntimeTests.swift; sourceTree = "<group>"; };
        A20000000000000000000038 /* ItemDetailPresenterOwnerTests.swift */ = {isa = PBXFileReference; lastKnownFileType = sourcecode.swift; path = ItemDetailPresenterOwnerTests.swift; sourceTree = "<group>"; };
        A20000000000000000000311 /* ItemDetailPresenterOwner.swift */ = {isa = PBXFileReference; lastKnownFileType = sourcecode.swift; path = ItemDetailPresenterOwner.swift; sourceTree = "<group>"; };
        A20000000000000000000312 /* LocalSubmissionDetailPresenterOwner.swift */ = {isa = PBXFileReference; lastKnownFileType = sourcecode.swift; path = LocalSubmissionDetailPresenterOwner.swift; sourceTree = "<group>"; };
        A20000000000000000000208 /* WLEntryOwners.swift */ = {isa = PBXFileReference; lastKnownFileType = sourcecode.swift; path = WLEntryOwners.swift; sourceTree = "<group>"; };
        A20000000000000000000039 /* WLEntryOwnersTests.swift */ = {isa = PBXFileReference; lastKnownFileType = sourcecode.swift; path = WLEntryOwnersTests.swift; sourceTree = "<group>"; };
        A20000000000000000000301 /* AppRuntimeConfig.swift */ = {isa = PBXFileReference; lastKnownFileType = sourcecode.swift; path = AppRuntimeConfig.swift; sourceTree = "<group>"; };
        A20000000000000000000302 /* DebugSessionBootstrap.swift */ = {isa = PBXFileReference; lastKnownFileType = sourcecode.swift; path = DebugSessionBootstrap.swift; sourceTree = "<group>"; };
        A200000000000000000000FA /* Localizable.xcstrings */ = {isa = PBXFileReference; lastKnownFileType = text.json.xcstrings; path = Localizable.xcstrings; sourceTree = "<group>"; };
        A20000000000000000000001 /* WishlistApp.swift */ = {isa = PBXFileReference; lastKnownFileType = sourcecode.swift; path = WishlistApp.swift; sourceTree = "<group>"; };
        A20000000000000000000002 /* ContentView.swift */ = {isa = PBXFileReference; lastKnownFileType = sourcecode.swift; path = ContentView.swift; sourceTree = "<group>"; };
        A20000000000000000000003 /* Wishlist.app */ = {isa = PBXFileReference; explicitFileType = wrapper.application; includeInIndex = 0; path = Wishlist.app; sourceTree = BUILT_PRODUCTS_DIR; };
        A20000000000000000000004 /* WishlistTokens.swift */ = {isa = PBXFileReference; lastKnownFileType = sourcecode.swift; path = WishlistTokens.swift; sourceTree = "<group>"; };
        A20000000000000000000005 /* WLTypography.swift */ = {isa = PBXFileReference; lastKnownFileType = sourcecode.swift; path = WLTypography.swift; sourceTree = "<group>"; };
        A20000000000000000000006 /* do_hyeon.ttf */ = {isa = PBXFileReference; lastKnownFileType = file; path = do_hyeon.ttf; sourceTree = "<group>"; };
        A20000000000000000000007 /* ibm_plex_sans_kr_regular.ttf */ = {isa = PBXFileReference; lastKnownFileType = file; path = ibm_plex_sans_kr_regular.ttf; sourceTree = "<group>"; };
        A20000000000000000000008 /* ibm_plex_sans_kr_medium.ttf */ = {isa = PBXFileReference; lastKnownFileType = file; path = ibm_plex_sans_kr_medium.ttf; sourceTree = "<group>"; };
        A20000000000000000000009 /* ibm_plex_sans_kr_bold.ttf */ = {isa = PBXFileReference; lastKnownFileType = file; path = ibm_plex_sans_kr_bold.ttf; sourceTree = "<group>"; };
        A20000000000000000000010 /* OFL.txt */ = {isa = PBXFileReference; lastKnownFileType = text; path = OFL.txt; sourceTree = "<group>"; };
        A20000000000000000000011 /* Info.plist */ = {isa = PBXFileReference; lastKnownFileType = text.plist.xml; path = Info.plist; sourceTree = "<group>"; };
        A20000000000000000000030 /* PriceFormatTests.swift */ = {isa = PBXFileReference; lastKnownFileType = sourcecode.swift; path = PriceFormatTests.swift; sourceTree = "<group>"; };
        A20000000000000000000031 /* SheetDragDecisionTests.swift */ = {isa = PBXFileReference; lastKnownFileType = sourcecode.swift; path = SheetDragDecisionTests.swift; sourceTree = "<group>"; };
        A20000000000000000000032 /* OverlayHostStateTests.swift */ = {isa = PBXFileReference; lastKnownFileType = sourcecode.swift; path = OverlayHostStateTests.swift; sourceTree = "<group>"; };
        A20000000000000000000040 /* WishlistTests.xctest */ = {isa = PBXFileReference; explicitFileType = wrapper.cfbundle; includeInIndex = 0; path = WishlistTests.xctest; sourceTree = BUILT_PRODUCTS_DIR; };
        A20000000000000000000101 /* WLTheme.swift */ = {isa = PBXFileReference; lastKnownFileType = sourcecode.swift; path = WLTheme.swift; sourceTree = "<group>"; };
        A20000000000000000000102 /* WLButton.swift */ = {isa = PBXFileReference; lastKnownFileType = sourcecode.swift; path = WLButton.swift; sourceTree = "<group>"; };
        A20000000000000000000103 /* WLCard.swift */ = {isa = PBXFileReference; lastKnownFileType = sourcecode.swift; path = WLCard.swift; sourceTree = "<group>"; };
        A20000000000000000000104 /* WLIconTile.swift */ = {isa = PBXFileReference; lastKnownFileType = sourcecode.swift; path = WLIconTile.swift; sourceTree = "<group>"; };
        A20000000000000000000105 /* WLChip.swift */ = {isa = PBXFileReference; lastKnownFileType = sourcecode.swift; path = WLChip.swift; sourceTree = "<group>"; };
        A20000000000000000000106 /* WLInput.swift */ = {isa = PBXFileReference; lastKnownFileType = sourcecode.swift; path = WLInput.swift; sourceTree = "<group>"; };
        A20000000000000000000107 /* WLUnderlineField.swift */ = {isa = PBXFileReference; lastKnownFileType = sourcecode.swift; path = WLUnderlineField.swift; sourceTree = "<group>"; };
        A20000000000000000000108 /* PriceText.swift */ = {isa = PBXFileReference; lastKnownFileType = sourcecode.swift; path = PriceText.swift; sourceTree = "<group>"; };
        A20000000000000000000109 /* PurposeDot.swift */ = {isa = PBXFileReference; lastKnownFileType = sourcecode.swift; path = PurposeDot.swift; sourceTree = "<group>"; };
        A20000000000000000000110 /* EmptyState.swift */ = {isa = PBXFileReference; lastKnownFileType = sourcecode.swift; path = EmptyState.swift; sourceTree = "<group>"; };
        A20000000000000000000111 /* ExpandableGroup.swift */ = {isa = PBXFileReference; lastKnownFileType = sourcecode.swift; path = ExpandableGroup.swift; sourceTree = "<group>"; };
        A20000000000000000000112 /* Masonry2Col.swift */ = {isa = PBXFileReference; lastKnownFileType = sourcecode.swift; path = Masonry2Col.swift; sourceTree = "<group>"; };
        A20000000000000000000118 /* WLHeaderSheet.swift */ = {isa = PBXFileReference; lastKnownFileType = sourcecode.swift; path = WLHeaderSheet.swift; sourceTree = "<group>"; };
        A20000000000000000000119 /* WLTopBar.swift */ = {isa = PBXFileReference; lastKnownFileType = sourcecode.swift; path = WLTopBar.swift; sourceTree = "<group>"; };
        A20000000000000000000113 /* OverlayHost.swift */ = {isa = PBXFileReference; lastKnownFileType = sourcecode.swift; path = OverlayHost.swift; sourceTree = "<group>"; };
        A20000000000000000000114 /* Scrim.swift */ = {isa = PBXFileReference; lastKnownFileType = sourcecode.swift; path = Scrim.swift; sourceTree = "<group>"; };
        A20000000000000000000115 /* WLBottomSheet.swift */ = {isa = PBXFileReference; lastKnownFileType = sourcecode.swift; path = WLBottomSheet.swift; sourceTree = "<group>"; };
        A20000000000000000000116 /* WLConfirmDialog.swift */ = {isa = PBXFileReference; lastKnownFileType = sourcecode.swift; path = WLConfirmDialog.swift; sourceTree = "<group>"; };
        A20000000000000000000117 /* WLMenu.swift */ = {isa = PBXFileReference; lastKnownFileType = sourcecode.swift; path = WLMenu.swift; sourceTree = "<group>"; };
        A20000000000000000000033 /* WLNavigatorTests.swift */ = {isa = PBXFileReference; lastKnownFileType = sourcecode.swift; path = WLNavigatorTests.swift; sourceTree = "<group>"; };
        A20000000000000000000034 /* WLTypographyTests.swift */ = {isa = PBXFileReference; lastKnownFileType = sourcecode.swift; path = WLTypographyTests.swift; sourceTree = "<group>"; };
        A20000000000000000000035 /* WLHeaderSheetTests.swift */ = {isa = PBXFileReference; lastKnownFileType = sourcecode.swift; path = WLHeaderSheetTests.swift; sourceTree = "<group>"; };
        A20000000000000000000201 /* WLRoute.swift */ = {isa = PBXFileReference; lastKnownFileType = sourcecode.swift; path = WLRoute.swift; sourceTree = "<group>"; };
        A20000000000000000000202 /* WLNavigator.swift */ = {isa = PBXFileReference; lastKnownFileType = sourcecode.swift; path = WLNavigator.swift; sourceTree = "<group>"; };
        A20000000000000000000203 /* WLNavHost.swift */ = {isa = PBXFileReference; lastKnownFileType = sourcecode.swift; path = WLNavHost.swift; sourceTree = "<group>"; };
        A20000000000000000000204 /* WLTabBar.swift */ = {isa = PBXFileReference; lastKnownFileType = sourcecode.swift; path = WLTabBar.swift; sourceTree = "<group>"; };
        A20000000000000000000205 /* WLNavMotion.swift */ = {isa = PBXFileReference; lastKnownFileType = sourcecode.swift; path = WLNavMotion.swift; sourceTree = "<group>"; };
        A20000000000000000000206 /* WLSharedElement.swift */ = {isa = PBXFileReference; lastKnownFileType = sourcecode.swift; path = WLSharedElement.swift; sourceTree = "<group>"; };
        A20000000000000000000207 /* WLEdgeBackGesture.swift */ = {isa = PBXFileReference; lastKnownFileType = sourcecode.swift; path = WLEdgeBackGesture.swift; sourceTree = "<group>"; };
        A20000000000000000000211 /* DemoContent.swift */ = {isa = PBXFileReference; lastKnownFileType = sourcecode.swift; path = DemoContent.swift; sourceTree = "<group>"; };
        A20000000000000000000213 /* DemoCategoryScreen.swift */ = {isa = PBXFileReference; lastKnownFileType = sourcecode.swift; path = DemoCategoryScreen.swift; sourceTree = "<group>"; };
        A20000000000000000000214 /* DemoPurposeScreen.swift */ = {isa = PBXFileReference; lastKnownFileType = sourcecode.swift; path = DemoPurposeScreen.swift; sourceTree = "<group>"; };
        A20000000000000000000215 /* DemoDetailScreen.swift */ = {isa = PBXFileReference; lastKnownFileType = sourcecode.swift; path = DemoDetailScreen.swift; sourceTree = "<group>"; };
        C20000000000000000000001 /* ShareViewController.swift */ = {isa = PBXFileReference; lastKnownFileType = sourcecode.swift; path = ShareViewController.swift; sourceTree = "<group>"; };
        C20000000000000000000002 /* Info.plist */ = {isa = PBXFileReference; lastKnownFileType = text.plist.xml; path = Info.plist; sourceTree = "<group>"; };
        C20000000000000000000003 /* ShareExtension.entitlements */ = {isa = PBXFileReference; lastKnownFileType = text.plist.entitlements; path = ShareExtension.entitlements; sourceTree = "<group>"; };
        C20000000000000000000004 /* ShareExtension.appex */ = {isa = PBXFileReference; explicitFileType = "wrapper.app-extension"; includeInIndex = 0; path = ShareExtension.appex; sourceTree = BUILT_PRODUCTS_DIR; };
        C20000000000000000000005 /* Wishlist.entitlements */ = {isa = PBXFileReference; lastKnownFileType = text.plist.entitlements; path = Wishlist.entitlements; sourceTree = "<group>"; };
        E20000000000000000000001 /* AppGroup.swift */ = {isa = PBXFileReference; lastKnownFileType = sourcecode.swift; path = AppGroup.swift; sourceTree = "<group>"; };
        E20000000000000000000002 /* InboxRecordFile.swift */ = {isa = PBXFileReference; lastKnownFileType = sourcecode.swift; path = InboxRecordFile.swift; sourceTree = "<group>"; };
        E20000000000000000000050 /* ShareInput.swift */ = {isa = PBXFileReference; lastKnownFileType = sourcecode.swift; path = ShareInput.swift; sourceTree = "<group>"; };
        E20000000000000000000051 /* ShareInputTests.swift */ = {isa = PBXFileReference; lastKnownFileType = sourcecode.swift; path = ShareInputTests.swift; sourceTree = "<group>"; };
        E20000000000000000000003 /* ShareTextExtractor.swift */ = {isa = PBXFileReference; lastKnownFileType = sourcecode.swift; path = ShareTextExtractor.swift; sourceTree = "<group>"; };
        E20000000000000000000004 /* ShareInboxWriter.swift */ = {isa = PBXFileReference; lastKnownFileType = sourcecode.swift; path = ShareInboxWriter.swift; sourceTree = "<group>"; };
        E20000000000000000000005 /* ShareCardView.swift */ = {isa = PBXFileReference; lastKnownFileType = sourcecode.swift; path = ShareCardView.swift; sourceTree = "<group>"; };
        E20000000000000000000006 /* ShareDirectSender.swift */ = {isa = PBXFileReference; lastKnownFileType = sourcecode.swift; path = ShareDirectSender.swift; sourceTree = "<group>"; };
        E20000000000000000000007 /* Localizable.xcstrings */ = {isa = PBXFileReference; lastKnownFileType = text.json.xcstrings; path = Localizable.xcstrings; sourceTree = "<group>"; };
        E20000000000000000000008 /* WLLineIcon.swift */ = {isa = PBXFileReference; lastKnownFileType = sourcecode.swift; path = WLLineIcon.swift; sourceTree = "<group>"; };
        E20000000000000000000009 /* WLCircleButton.swift */ = {isa = PBXFileReference; lastKnownFileType = sourcecode.swift; path = WLCircleButton.swift; sourceTree = "<group>"; };
        E20000000000000000000010 /* AppRoutes.swift */ = {isa = PBXFileReference; lastKnownFileType = sourcecode.swift; path = AppRoutes.swift; sourceTree = "<group>"; };
        E20000000000000000000011 /* ShareInboxReader.swift */ = {isa = PBXFileReference; lastKnownFileType = sourcecode.swift; path = ShareInboxReader.swift; sourceTree = "<group>"; };
        E20000000000000000000012 /* SessionMirror.swift */ = {isa = PBXFileReference; lastKnownFileType = sourcecode.swift; path = SessionMirror.swift; sourceTree = "<group>"; };
        E20000000000000000000013 /* NetworkSignals.swift */ = {isa = PBXFileReference; lastKnownFileType = sourcecode.swift; path = NetworkSignals.swift; sourceTree = "<group>"; };
        E20000000000000000000014 /* WebViewDataCleaner.swift */ = {isa = PBXFileReference; lastKnownFileType = sourcecode.swift; path = WebViewDataCleaner.swift; sourceTree = "<group>"; };
        E20000000000000000000015 /* AppSignals.swift */ = {isa = PBXFileReference; lastKnownFileType = sourcecode.swift; path = AppSignals.swift; sourceTree = "<group>"; };
        E20000000000000000000016 /* LoginScreen.swift */ = {isa = PBXFileReference; lastKnownFileType = sourcecode.swift; path = LoginScreen.swift; sourceTree = "<group>"; };
        E20000000000000000000017 /* HomeScreen.swift */ = {isa = PBXFileReference; lastKnownFileType = sourcecode.swift; path = HomeScreen.swift; sourceTree = "<group>"; };
        E20000000000000000000018 /* HomeLoggedOutView.swift */ = {isa = PBXFileReference; lastKnownFileType = sourcecode.swift; path = HomeLoggedOutView.swift; sourceTree = "<group>"; };
        E20000000000000000000019 /* HomeLoggedInView.swift */ = {isa = PBXFileReference; lastKnownFileType = sourcecode.swift; path = HomeLoggedInView.swift; sourceTree = "<group>"; };
        E20000000000000000000020 /* HomeRowText.swift */ = {isa = PBXFileReference; lastKnownFileType = sourcecode.swift; path = HomeRowText.swift; sourceTree = "<group>"; };
        E20000000000000000000021 /* SettingsScreen.swift */ = {isa = PBXFileReference; lastKnownFileType = sourcecode.swift; path = SettingsScreen.swift; sourceTree = "<group>"; };
        E20000000000000000000022 /* AccountPresenterOwner.swift */ = {isa = PBXFileReference; lastKnownFileType = sourcecode.swift; path = AccountPresenterOwner.swift; sourceTree = "<group>"; };
        E20000000000000000000023 /* HomePresenterOwner.swift */ = {isa = PBXFileReference; lastKnownFileType = sourcecode.swift; path = HomePresenterOwner.swift; sourceTree = "<group>"; };
        E20000000000000000000024 /* ShareTextExtractorTests.swift */ = {isa = PBXFileReference; lastKnownFileType = sourcecode.swift; path = ShareTextExtractorTests.swift; sourceTree = "<group>"; };
        E20000000000000000000025 /* InboxWriterReaderTests.swift */ = {isa = PBXFileReference; lastKnownFileType = sourcecode.swift; path = InboxWriterReaderTests.swift; sourceTree = "<group>"; };
        E20000000000000000000026 /* HomeRowTextTests.swift */ = {isa = PBXFileReference; lastKnownFileType = sourcecode.swift; path = HomeRowTextTests.swift; sourceTree = "<group>"; };
        E20000000000000000000027 /* AccountPresenterOwnerTests.swift */ = {isa = PBXFileReference; lastKnownFileType = sourcecode.swift; path = AccountPresenterOwnerTests.swift; sourceTree = "<group>"; };
/* End PBXFileReference section */

/* Begin PBXFrameworksBuildPhase section */
        A30000000000000000000001 /* Frameworks */ = {isa = PBXFrameworksBuildPhase; buildActionMask = 2147483647; files = (); runOnlyForDeploymentPostprocessing = 0; };
        A30000000000000000000002 /* Frameworks */ = {isa = PBXFrameworksBuildPhase; buildActionMask = 2147483647; files = (); runOnlyForDeploymentPostprocessing = 0; };
        C30000000000000000000001 /* Frameworks */ = {isa = PBXFrameworksBuildPhase; buildActionMask = 2147483647; files = (); runOnlyForDeploymentPostprocessing = 0; };
/* End PBXFrameworksBuildPhase section */

/* Begin PBXGroup section */
        A40000000000000000000001 = {
            isa = PBXGroup;
            children = (A40000000000000000000002 /* Wishlist */, C40000000000000000000001 /* ShareExtension */, A40000000000000000000020 /* WishlistTests */, A40000000000000000000003 /* Products */, E40000000000000000000001 /* AppGroupShared */);
            sourceTree = "<group>";
        };
        A40000000000000000000002 /* Wishlist */ = {
            isa = PBXGroup;
            children = (A20000000000000000000001 /* WishlistApp.swift */, A20000000000000000000301 /* AppRuntimeConfig.swift */, A20000000000000000000002 /* ContentView.swift */, A40000000000000000000008 /* Debug */, A40000000000000000000004 /* DesignSystem */, A40000000000000000000007 /* Navigation */, A40000000000000000000030 /* Features */, A40000000000000000000005 /* Resources */, A20000000000000000000011 /* Info.plist */, C20000000000000000000005 /* Wishlist.entitlements */, E20000000000000000000010 /* AppRoutes.swift */, E40000000000000000000002 /* Platform */);
            path = Wishlist;
            sourceTree = "<group>";
        };
        A40000000000000000000004 /* DesignSystem */ = {
            isa = PBXGroup;
            children = (A20000000000000000000004 /* WishlistTokens.swift */, A20000000000000000000005 /* WLTypography.swift */, A20000000000000000000101 /* WLTheme.swift */, A20000000000000000000102 /* WLButton.swift */, A20000000000000000000103 /* WLCard.swift */, A20000000000000000000104 /* WLIconTile.swift */, A20000000000000000000105 /* WLChip.swift */, A20000000000000000000106 /* WLInput.swift */, A20000000000000000000107 /* WLUnderlineField.swift */, A20000000000000000000108 /* PriceText.swift */, A20000000000000000000109 /* PurposeDot.swift */, A20000000000000000000110 /* EmptyState.swift */, A20000000000000000000111 /* ExpandableGroup.swift */, A20000000000000000000112 /* Masonry2Col.swift */, A20000000000000000000118 /* WLHeaderSheet.swift */, A20000000000000000000119 /* WLTopBar.swift */, A40000000000000000000021 /* Overlay */, E20000000000000000000008 /* WLLineIcon.swift */, E20000000000000000000009 /* WLCircleButton.swift */);
            path = DesignSystem;
            sourceTree = "<group>";
        };
        A40000000000000000000003 /* Products */ = {
            isa = PBXGroup;
            children = (A20000000000000000000003 /* Wishlist.app */, A20000000000000000000040 /* WishlistTests.xctest */, C20000000000000000000004 /* ShareExtension.appex */);
            name = Products;
            sourceTree = "<group>";
        };
        A40000000000000000000005 /* Resources */ = {
            isa = PBXGroup;
            children = (A40000000000000000000006 /* Fonts */, A200000000000000000000FA /* Localizable.xcstrings */);
            path = Resources;
            sourceTree = "<group>";
        };
        A40000000000000000000006 /* Fonts */ = {
            isa = PBXGroup;
            children = (A20000000000000000000006 /* do_hyeon.ttf */, A20000000000000000000007 /* ibm_plex_sans_kr_regular.ttf */, A20000000000000000000008 /* ibm_plex_sans_kr_medium.ttf */, A20000000000000000000009 /* ibm_plex_sans_kr_bold.ttf */, A20000000000000000000010 /* OFL.txt */);
            path = Fonts;
            sourceTree = "<group>";
        };
        A40000000000000000000007 /* Navigation */ = {
            isa = PBXGroup;
            children = (A20000000000000000000201 /* WLRoute.swift */, A20000000000000000000202 /* WLNavigator.swift */, A20000000000000000000203 /* WLNavHost.swift */, A20000000000000000000204 /* WLTabBar.swift */, A20000000000000000000205 /* WLNavMotion.swift */, A20000000000000000000206 /* WLSharedElement.swift */, A20000000000000000000207 /* WLEdgeBackGesture.swift */, A20000000000000000000208 /* WLEntryOwners.swift */);
            path = Navigation;
            sourceTree = "<group>";
        };
        A40000000000000000000020 /* WishlistTests */ = {
            isa = PBXGroup;
            children = (A20000000000000000000036 /* SharedInteropTests.swift */, A20000000000000000000037 /* SharedRuntimeTests.swift */, A20000000000000000000038 /* ItemDetailPresenterOwnerTests.swift */, A20000000000000000000030 /* PriceFormatTests.swift */, A20000000000000000000031 /* SheetDragDecisionTests.swift */, A20000000000000000000032 /* OverlayHostStateTests.swift */, A20000000000000000000033 /* WLNavigatorTests.swift */, A20000000000000000000039 /* WLEntryOwnersTests.swift */, A20000000000000000000034 /* WLTypographyTests.swift */, A20000000000000000000035 /* WLHeaderSheetTests.swift */, E20000000000000000000024 /* ShareTextExtractorTests.swift */, E20000000000000000000051 /* ShareInputTests.swift */, E20000000000000000000025 /* InboxWriterReaderTests.swift */, E20000000000000000000026 /* HomeRowTextTests.swift */, E20000000000000000000027 /* AccountPresenterOwnerTests.swift */, E20000000000000000000063 /* RemoteImageTests.swift */);
            path = WishlistTests;
            sourceTree = "<group>";
        };
        A40000000000000000000021 /* Overlay */ = {
            isa = PBXGroup;
            children = (A20000000000000000000113 /* OverlayHost.swift */, A20000000000000000000114 /* Scrim.swift */, A20000000000000000000115 /* WLBottomSheet.swift */, A20000000000000000000116 /* WLConfirmDialog.swift */, A20000000000000000000117 /* WLMenu.swift */);
            path = Overlay;
            sourceTree = "<group>";
        };
        A40000000000000000000030 /* Features */ = {
            isa = PBXGroup;
            children = (A40000000000000000000031 /* Demo */, A40000000000000000000032 /* Detail */, E40000000000000000000003 /* Login */, E40000000000000000000004 /* Home */, E40000000000000000000005 /* Settings */, E40000000000000000000006 /* Session */);
            path = Features;
            sourceTree = "<group>";
        };
        A40000000000000000000031 /* Demo */ = {
            isa = PBXGroup;
            children = (A20000000000000000000211 /* DemoContent.swift */, A20000000000000000000213 /* DemoCategoryScreen.swift */, A20000000000000000000214 /* DemoPurposeScreen.swift */, A20000000000000000000215 /* DemoDetailScreen.swift */);
            path = Demo;
            sourceTree = "<group>";
        };
        A40000000000000000000032 /* Detail */ = {
            isa = PBXGroup;
            children = (A20000000000000000000311 /* ItemDetailPresenterOwner.swift */, A20000000000000000000312 /* LocalSubmissionDetailPresenterOwner.swift */, E20000000000000000000062 /* ProductPhoto.swift */);
            path = Detail;
            sourceTree = "<group>";
        };
        A40000000000000000000008 /* Debug */ = {
            isa = PBXGroup;
            children = (A20000000000000000000302 /* DebugSessionBootstrap.swift */);
            path = Debug;
            sourceTree = "<group>";
        };
        C40000000000000000000001 /* ShareExtension */ = {
            isa = PBXGroup;
            children = (C20000000000000000000001 /* ShareViewController.swift */, C20000000000000000000002 /* Info.plist */, C20000000000000000000003 /* ShareExtension.entitlements */, E20000000000000000000003 /* ShareTextExtractor.swift */, E20000000000000000000050 /* ShareInput.swift */, E20000000000000000000004 /* ShareInboxWriter.swift */, E20000000000000000000005 /* ShareCardView.swift */, E20000000000000000000006 /* ShareDirectSender.swift */, E20000000000000000000007 /* Localizable.xcstrings */);
            path = ShareExtension;
            sourceTree = "<group>";
        };
        E40000000000000000000001 /* AppGroupShared */ = {
            isa = PBXGroup;
            children = (E20000000000000000000001 /* AppGroup.swift */, E20000000000000000000002 /* InboxRecordFile.swift */);
            path = AppGroupShared;
            sourceTree = "<group>";
        };
        E40000000000000000000002 /* Platform */ = {
            isa = PBXGroup;
            children = (E20000000000000000000011 /* ShareInboxReader.swift */, E20000000000000000000012 /* SessionMirror.swift */, E20000000000000000000013 /* NetworkSignals.swift */, E20000000000000000000014 /* WebViewDataCleaner.swift */, E20000000000000000000015 /* AppSignals.swift */, E20000000000000000000061 /* RemoteImage.swift */);
            path = Platform;
            sourceTree = "<group>";
        };
        E40000000000000000000003 /* Login */ = {
            isa = PBXGroup;
            children = (E20000000000000000000016 /* LoginScreen.swift */);
            path = Login;
            sourceTree = "<group>";
        };
        E40000000000000000000004 /* Home */ = {
            isa = PBXGroup;
            children = (E20000000000000000000017 /* HomeScreen.swift */, E20000000000000000000018 /* HomeLoggedOutView.swift */, E20000000000000000000019 /* HomeLoggedInView.swift */, E20000000000000000000020 /* HomeRowText.swift */);
            path = Home;
            sourceTree = "<group>";
        };
        E40000000000000000000005 /* Settings */ = {
            isa = PBXGroup;
            children = (E20000000000000000000021 /* SettingsScreen.swift */);
            path = Settings;
            sourceTree = "<group>";
        };
        E40000000000000000000006 /* Session */ = {
            isa = PBXGroup;
            children = (E20000000000000000000022 /* AccountPresenterOwner.swift */, E20000000000000000000023 /* HomePresenterOwner.swift */);
            path = Session;
            sourceTree = "<group>";
        };
/* End PBXGroup section */

/* Begin PBXNativeTarget section */
        A50000000000000000000001 /* Wishlist */ = {
            isa = PBXNativeTarget;
            buildConfigurationList = A90000000000000000000002 /* Target configuration list */;
            buildPhases = (A70000000000000000000001 /* Build Shared */, A60000000000000000000001 /* Sources */, A30000000000000000000001 /* Frameworks */, A60000000000000000000002 /* Resources */, C70000000000000000000001 /* Embed Foundation Extensions */);
            buildRules = ();
            dependencies = (C50000000000000000000002 /* PBXTargetDependency */);
            name = Wishlist;
            productName = Wishlist;
            productReference = A20000000000000000000003 /* Wishlist.app */;
            productType = "com.apple.product-type.application";
        };
        A50000000000000000000002 /* WishlistTests */ = {
            isa = PBXNativeTarget;
            buildConfigurationList = A90000000000000000000003 /* Tests configuration list */;
            buildPhases = (A60000000000000000000003 /* Sources */, A30000000000000000000002 /* Frameworks */, A60000000000000000000004 /* Resources */);
            buildRules = ();
            dependencies = (A50000000000000000000003 /* PBXTargetDependency */);
            name = WishlistTests;
            productName = WishlistTests;
            productReference = A20000000000000000000040 /* WishlistTests.xctest */;
            productType = "com.apple.product-type.bundle.unit-test";
        };
        C50000000000000000000001 /* ShareExtension */ = {
            isa = PBXNativeTarget;
            buildConfigurationList = C90000000000000000000001 /* ShareExtension configuration list */;
            buildPhases = (C60000000000000000000001 /* Sources */, C30000000000000000000001 /* Frameworks */, C60000000000000000000002 /* Resources */);
            buildRules = ();
            dependencies = ();
            name = ShareExtension;
            productName = ShareExtension;
            productReference = C20000000000000000000004 /* ShareExtension.appex */;
            productType = "com.apple.product-type.app-extension";
        };
/* End PBXNativeTarget section */

/* Begin PBXContainerItemProxy section */
        A50000000000000000000004 /* PBXContainerItemProxy */ = {
            isa = PBXContainerItemProxy;
            containerPortal = A80000000000000000000001 /* Project object */;
            proxyType = 1;
            remoteGlobalIDString = A50000000000000000000001;
            remoteInfo = Wishlist;
        };
        C50000000000000000000003 /* PBXContainerItemProxy */ = {
            isa = PBXContainerItemProxy;
            containerPortal = A80000000000000000000001 /* Project object */;
            proxyType = 1;
            remoteGlobalIDString = C50000000000000000000001;
            remoteInfo = ShareExtension;
        };
/* End PBXContainerItemProxy section */

/* Begin PBXProject section */
        A80000000000000000000001 /* Project object */ = {
            isa = PBXProject;
            attributes = {BuildIndependentTargetsInParallel = YES; LastUpgradeCheck = 2600; TargetAttributes = {A50000000000000000000001 = {CreatedOnToolsVersion = 26.0; }; A50000000000000000000002 = {CreatedOnToolsVersion = 26.0; TestTargetID = A50000000000000000000001; }; C50000000000000000000001 = {CreatedOnToolsVersion = 26.0; }; }; };
            buildConfigurationList = A90000000000000000000001 /* Project configuration list */;
            compatibilityVersion = "Xcode 14.0";
            developmentRegion = ko;
            hasScannedForEncodings = 0;
            knownRegions = (ko, en, Base);
            mainGroup = A40000000000000000000001;
            productRefGroup = A40000000000000000000003 /* Products */;
            projectDirPath = "";
            projectRoot = "";
            targets = (A50000000000000000000001 /* Wishlist */, A50000000000000000000002 /* WishlistTests */, C50000000000000000000001 /* ShareExtension */);
        };
/* End PBXProject section */

/* Begin PBXTargetDependency section */
        A50000000000000000000003 /* PBXTargetDependency */ = {
            isa = PBXTargetDependency;
            target = A50000000000000000000001 /* Wishlist */;
            targetProxy = A50000000000000000000004 /* PBXContainerItemProxy */;
        };
        C50000000000000000000002 /* PBXTargetDependency */ = {
            isa = PBXTargetDependency;
            target = C50000000000000000000001 /* ShareExtension */;
            targetProxy = C50000000000000000000003 /* PBXContainerItemProxy */;
        };
/* End PBXTargetDependency section */

/* Begin PBXResourcesBuildPhase section */
        A60000000000000000000002 /* Resources */ = {isa = PBXResourcesBuildPhase; buildActionMask = 2147483647; files = (A100000000000000000000FA /* Localizable.xcstrings in Resources */, A10000000000000000000005 /* do_hyeon.ttf in Resources */, A10000000000000000000006 /* ibm_plex_sans_kr_regular.ttf in Resources */, A10000000000000000000007 /* ibm_plex_sans_kr_medium.ttf in Resources */, A10000000000000000000008 /* ibm_plex_sans_kr_bold.ttf in Resources */, A10000000000000000000009 /* OFL.txt in Resources */); runOnlyForDeploymentPostprocessing = 0; };
        A60000000000000000000004 /* Resources */ = {isa = PBXResourcesBuildPhase; buildActionMask = 2147483647; files = (); runOnlyForDeploymentPostprocessing = 0; };
        C60000000000000000000002 /* Resources */ = {isa = PBXResourcesBuildPhase; buildActionMask = 2147483647; files = (E10000000000000000000006 /* do_hyeon.ttf in Resources */, E10000000000000000000007 /* ibm_plex_sans_kr_regular.ttf in Resources */, E10000000000000000000008 /* ibm_plex_sans_kr_medium.ttf in Resources */, E10000000000000000000009 /* ibm_plex_sans_kr_bold.ttf in Resources */, E10000000000000000000020 /* Localizable.xcstrings in Resources */); runOnlyForDeploymentPostprocessing = 0; };
/* End PBXResourcesBuildPhase section */

/* Begin PBXShellScriptBuildPhase section */
        A70000000000000000000001 /* Build Shared */ = {
            isa = PBXShellScriptBuildPhase;
            alwaysOutOfDate = 1;
            buildActionMask = 2147483647;
            files = ();
            inputPaths = ();
            name = "Build Shared";
            outputPaths = ();
            runOnlyForDeploymentPostprocessing = 0;
            shellPath = /bin/sh;
            shellScript = "\"$SRCROOT/scripts/build-shared.sh\"\n";
        };
/* End PBXShellScriptBuildPhase section */

/* Begin PBXSourcesBuildPhase section */
        A60000000000000000000001 /* Sources */ = {
            isa = PBXSourcesBuildPhase;
            buildActionMask = 2147483647;
            files = (A10000000000000000000001 /* WishlistApp.swift in Sources */, A10000000000000000000301 /* AppRuntimeConfig.swift in Sources */, A10000000000000000000302 /* DebugSessionBootstrap.swift in Sources */, A10000000000000000000002 /* ContentView.swift in Sources */, A10000000000000000000003 /* WishlistTokens.swift in Sources */, A10000000000000000000004 /* WLTypography.swift in Sources */, A10000000000000000000101 /* WLTheme.swift in Sources */, A10000000000000000000102 /* WLButton.swift in Sources */, A10000000000000000000103 /* WLCard.swift in Sources */, A10000000000000000000104 /* WLIconTile.swift in Sources */, A10000000000000000000105 /* WLChip.swift in Sources */, A10000000000000000000106 /* WLInput.swift in Sources */, A10000000000000000000107 /* WLUnderlineField.swift in Sources */, A10000000000000000000108 /* PriceText.swift in Sources */, A10000000000000000000109 /* PurposeDot.swift in Sources */, A10000000000000000000110 /* EmptyState.swift in Sources */, A10000000000000000000111 /* ExpandableGroup.swift in Sources */, A10000000000000000000112 /* Masonry2Col.swift in Sources */, A10000000000000000000118 /* WLHeaderSheet.swift in Sources */, A10000000000000000000119 /* WLTopBar.swift in Sources */, A10000000000000000000113 /* OverlayHost.swift in Sources */, A10000000000000000000114 /* Scrim.swift in Sources */, A10000000000000000000115 /* WLBottomSheet.swift in Sources */, A10000000000000000000116 /* WLConfirmDialog.swift in Sources */, A10000000000000000000117 /* WLMenu.swift in Sources */, A10000000000000000000201 /* WLRoute.swift in Sources */, A10000000000000000000202 /* WLNavigator.swift in Sources */, A10000000000000000000203 /* WLNavHost.swift in Sources */, A10000000000000000000204 /* WLTabBar.swift in Sources */, A10000000000000000000205 /* WLNavMotion.swift in Sources */, A10000000000000000000206 /* WLSharedElement.swift in Sources */, A10000000000000000000207 /* WLEdgeBackGesture.swift in Sources */, A10000000000000000000211 /* DemoContent.swift in Sources */, A10000000000000000000213 /* DemoCategoryScreen.swift in Sources */, A10000000000000000000214 /* DemoPurposeScreen.swift in Sources */, A10000000000000000000215 /* DemoDetailScreen.swift in Sources */, A10000000000000000000311 /* ItemDetailPresenterOwner.swift in Sources */, A10000000000000000000312 /* LocalSubmissionDetailPresenterOwner.swift in Sources */, A10000000000000000000208 /* WLEntryOwners.swift in Sources */, E10000000000000000000010 /* AppGroup.swift in Sources */, E10000000000000000000012 /* InboxRecordFile.swift in Sources */, E10000000000000000000021 /* WLLineIcon.swift in Sources */, E10000000000000000000023 /* WLCircleButton.swift in Sources */, E10000000000000000000024 /* AppRoutes.swift in Sources */, E10000000000000000000025 /* ShareInboxReader.swift in Sources */, E10000000000000000000026 /* SessionMirror.swift in Sources */, E10000000000000000000027 /* NetworkSignals.swift in Sources */, E10000000000000000000028 /* WebViewDataCleaner.swift in Sources */, E10000000000000000000029 /* AppSignals.swift in Sources */, E10000000000000000000030 /* LoginScreen.swift in Sources */, E10000000000000000000031 /* HomeScreen.swift in Sources */, E10000000000000000000032 /* HomeLoggedOutView.swift in Sources */, E10000000000000000000033 /* HomeLoggedInView.swift in Sources */, E10000000000000000000034 /* HomeRowText.swift in Sources */, E10000000000000000000035 /* SettingsScreen.swift in Sources */, E10000000000000000000036 /* AccountPresenterOwner.swift in Sources */, E10000000000000000000037 /* HomePresenterOwner.swift in Sources */, E10000000000000000000061 /* RemoteImage.swift in Sources */, E10000000000000000000062 /* ProductPhoto.swift in Sources */);
            runOnlyForDeploymentPostprocessing = 0;
        };
        A60000000000000000000003 /* Sources */ = {
            isa = PBXSourcesBuildPhase;
            buildActionMask = 2147483647;
            files = (A10000000000000000000036 /* SharedInteropTests.swift in Sources */, A10000000000000000000037 /* SharedRuntimeTests.swift in Sources */, A10000000000000000000038 /* ItemDetailPresenterOwnerTests.swift in Sources */, A10000000000000000000030 /* PriceFormatTests.swift in Sources */, A10000000000000000000031 /* SheetDragDecisionTests.swift in Sources */, A10000000000000000000032 /* OverlayHostStateTests.swift in Sources */, A10000000000000000000033 /* WLNavigatorTests.swift in Sources */, A10000000000000000000039 /* WLEntryOwnersTests.swift in Sources */, A10000000000000000000034 /* WLTypographyTests.swift in Sources */, A10000000000000000000035 /* WLHeaderSheetTests.swift in Sources */, E10000000000000000000015 /* ShareTextExtractor.swift in Sources */, E10000000000000000000051 /* ShareInput.swift in Sources */, E10000000000000000000017 /* ShareInboxWriter.swift in Sources */, E10000000000000000000038 /* ShareTextExtractorTests.swift in Sources */, E10000000000000000000052 /* ShareInputTests.swift in Sources */, E10000000000000000000039 /* InboxWriterReaderTests.swift in Sources */, E10000000000000000000040 /* HomeRowTextTests.swift in Sources */, E10000000000000000000041 /* AccountPresenterOwnerTests.swift in Sources */, E10000000000000000000063 /* RemoteImageTests.swift in Sources */);
            runOnlyForDeploymentPostprocessing = 0;
        };
        C60000000000000000000001 /* Sources */ = {
            isa = PBXSourcesBuildPhase;
            buildActionMask = 2147483647;
            files = (C10000000000000000000001 /* ShareViewController.swift in Sources */, E10000000000000000000001 /* WishlistTokens.swift in Sources */, E10000000000000000000002 /* WLTypography.swift in Sources */, E10000000000000000000003 /* WLTheme.swift in Sources */, E10000000000000000000004 /* WLCard.swift in Sources */, E10000000000000000000005 /* WLIconTile.swift in Sources */, E10000000000000000000011 /* AppGroup.swift in Sources */, E10000000000000000000013 /* InboxRecordFile.swift in Sources */, E10000000000000000000014 /* ShareTextExtractor.swift in Sources */, E10000000000000000000050 /* ShareInput.swift in Sources */, E10000000000000000000016 /* ShareInboxWriter.swift in Sources */, E10000000000000000000018 /* ShareCardView.swift in Sources */, E10000000000000000000019 /* ShareDirectSender.swift in Sources */, E10000000000000000000022 /* WLLineIcon.swift in Sources */);
            runOnlyForDeploymentPostprocessing = 0;
        };
/* End PBXSourcesBuildPhase section */

/* Begin XCBuildConfiguration section */
        B10000000000000000000001 /* Project Debug */ = {
            isa = XCBuildConfiguration;
            buildSettings = {
                CLANG_ENABLE_MODULES = YES;
                DEBUG_INFORMATION_FORMAT = dwarf;
                ENABLE_TESTABILITY = YES;
                GCC_PREPROCESSOR_DEFINITIONS = ("DEBUG=1", "$(inherited)");
                IPHONEOS_DEPLOYMENT_TARGET = 17.0;
                SDKROOT = iphoneos;
                SWIFT_ACTIVE_COMPILATION_CONDITIONS = "DEBUG $(inherited)";
                SWIFT_OPTIMIZATION_LEVEL = "-Onone";
            };
            name = Debug;
        };
        B10000000000000000000002 /* Project Release */ = {
            isa = XCBuildConfiguration;
            buildSettings = {
                CLANG_ENABLE_MODULES = YES;
                DEBUG_INFORMATION_FORMAT = "dwarf-with-dsym";
                IPHONEOS_DEPLOYMENT_TARGET = 17.0;
                SDKROOT = iphoneos;
                SWIFT_COMPILATION_MODE = wholemodule;
                SWIFT_OPTIMIZATION_LEVEL = "-O";
                VALIDATE_PRODUCT = YES;
            };
            name = Release;
        };
        B10000000000000000000003 /* Target Debug */ = {
            isa = XCBuildConfiguration;
            buildSettings = {
                CODE_SIGN_ENTITLEMENTS = Wishlist/Wishlist.entitlements;
                CODE_SIGN_STYLE = Automatic;
                CURRENT_PROJECT_VERSION = 1;
                ENABLE_PREVIEWS = YES;
                ENABLE_USER_SCRIPT_SANDBOXING = NO;
                "EXCLUDED_ARCHS[sdk=iphonesimulator*]" = x86_64;
                FRAMEWORK_SEARCH_PATHS = ("$(inherited)", "$(SRCROOT)/../shared/build/xcode-frameworks/$(CONFIGURATION)/$(SDK_NAME)");
                GENERATE_INFOPLIST_FILE = YES;
                INFOPLIST_FILE = Wishlist/Info.plist;
                INFOPLIST_KEY_CFBundleDisplayName = "위시리스트";
                INFOPLIST_KEY_LSApplicationCategoryType = "public.app-category.shopping";
                INFOPLIST_KEY_UILaunchScreen_Generation = YES;
                INFOPLIST_KEY_UIApplicationSceneManifest_Generation = YES;
                INFOPLIST_KEY_UISupportedInterfaceOrientations = "UIInterfaceOrientationPortrait UIInterfaceOrientationPortraitUpsideDown UIInterfaceOrientationLandscapeLeft UIInterfaceOrientationLandscapeRight";
                LD_RUNPATH_SEARCH_PATHS = ("$(inherited)", "@executable_path/Frameworks");
                MARKETING_VERSION = 0.1.0;
                OTHER_LDFLAGS = ("$(inherited)", "-framework", Shared, "-lsqlite3");
                PRODUCT_BUNDLE_IDENTIFIER = app.wishlist.ios;
                PRODUCT_NAME = "$(TARGET_NAME)";
                SUPPORTED_PLATFORMS = "iphoneos iphonesimulator";
                SUPPORTS_MACCATALYST = NO;
                SWIFT_VERSION = 5.0;
                TARGETED_DEVICE_FAMILY = "1,2";
            };
            name = Debug;
        };
        B10000000000000000000004 /* Target Release */ = {
            isa = XCBuildConfiguration;
            buildSettings = {
                CODE_SIGN_ENTITLEMENTS = Wishlist/Wishlist.entitlements;
                CODE_SIGN_STYLE = Automatic;
                CURRENT_PROJECT_VERSION = 1;
                ENABLE_USER_SCRIPT_SANDBOXING = NO;
                "EXCLUDED_ARCHS[sdk=iphonesimulator*]" = x86_64;
                FRAMEWORK_SEARCH_PATHS = ("$(inherited)", "$(SRCROOT)/../shared/build/xcode-frameworks/$(CONFIGURATION)/$(SDK_NAME)");
                GENERATE_INFOPLIST_FILE = YES;
                INFOPLIST_FILE = Wishlist/Info.plist;
                INFOPLIST_KEY_CFBundleDisplayName = "위시리스트";
                INFOPLIST_KEY_LSApplicationCategoryType = "public.app-category.shopping";
                INFOPLIST_KEY_UILaunchScreen_Generation = YES;
                INFOPLIST_KEY_UIApplicationSceneManifest_Generation = YES;
                INFOPLIST_KEY_UISupportedInterfaceOrientations = "UIInterfaceOrientationPortrait UIInterfaceOrientationPortraitUpsideDown UIInterfaceOrientationLandscapeLeft UIInterfaceOrientationLandscapeRight";
                LD_RUNPATH_SEARCH_PATHS = ("$(inherited)", "@executable_path/Frameworks");
                MARKETING_VERSION = 0.1.0;
                OTHER_LDFLAGS = ("$(inherited)", "-framework", Shared, "-lsqlite3");
                PRODUCT_BUNDLE_IDENTIFIER = app.wishlist.ios;
                PRODUCT_NAME = "$(TARGET_NAME)";
                SUPPORTED_PLATFORMS = "iphoneos iphonesimulator";
                SUPPORTS_MACCATALYST = NO;
                SWIFT_VERSION = 5.0;
                TARGETED_DEVICE_FAMILY = "1,2";
            };
            name = Release;
        };
        B10000000000000000000005 /* Tests Debug */ = {
            isa = XCBuildConfiguration;
            buildSettings = {
                BUNDLE_LOADER = "$(TEST_HOST)";
                CODE_SIGN_STYLE = Automatic;
                CURRENT_PROJECT_VERSION = 1;
                "EXCLUDED_ARCHS[sdk=iphonesimulator*]" = x86_64;
                FRAMEWORK_SEARCH_PATHS = ("$(inherited)", "$(SRCROOT)/../shared/build/xcode-frameworks/$(CONFIGURATION)/$(SDK_NAME)");
                GENERATE_INFOPLIST_FILE = YES;
                LD_RUNPATH_SEARCH_PATHS = ("$(inherited)", "@executable_path/Frameworks", "@loader_path/Frameworks");
                MARKETING_VERSION = 0.1.0;
                PRODUCT_BUNDLE_IDENTIFIER = app.wishlist.ios.tests;
                PRODUCT_NAME = "$(TARGET_NAME)";
                SUPPORTED_PLATFORMS = "iphoneos iphonesimulator";
                SWIFT_ACTIVE_COMPILATION_CONDITIONS = "$(inherited) WISHLIST_TESTS";
                SWIFT_VERSION = 5.0;
                TARGETED_DEVICE_FAMILY = "1,2";
                TEST_HOST = "$(BUILT_PRODUCTS_DIR)/Wishlist.app/Wishlist";
            };
            name = Debug;
        };
        B10000000000000000000006 /* Tests Release */ = {
            isa = XCBuildConfiguration;
            buildSettings = {
                BUNDLE_LOADER = "$(TEST_HOST)";
                CODE_SIGN_STYLE = Automatic;
                CURRENT_PROJECT_VERSION = 1;
                "EXCLUDED_ARCHS[sdk=iphonesimulator*]" = x86_64;
                FRAMEWORK_SEARCH_PATHS = ("$(inherited)", "$(SRCROOT)/../shared/build/xcode-frameworks/$(CONFIGURATION)/$(SDK_NAME)");
                GENERATE_INFOPLIST_FILE = YES;
                LD_RUNPATH_SEARCH_PATHS = ("$(inherited)", "@executable_path/Frameworks", "@loader_path/Frameworks");
                MARKETING_VERSION = 0.1.0;
                PRODUCT_BUNDLE_IDENTIFIER = app.wishlist.ios.tests;
                PRODUCT_NAME = "$(TARGET_NAME)";
                SUPPORTED_PLATFORMS = "iphoneos iphonesimulator";
                SWIFT_ACTIVE_COMPILATION_CONDITIONS = "$(inherited) WISHLIST_TESTS";
                SWIFT_VERSION = 5.0;
                TARGETED_DEVICE_FAMILY = "1,2";
                TEST_HOST = "$(BUILT_PRODUCTS_DIR)/Wishlist.app/Wishlist";
            };
            name = Release;
        };
        D10000000000000000000001 /* ShareExtension Debug */ = {
            isa = XCBuildConfiguration;
            buildSettings = {
                APPLICATION_EXTENSION_API_ONLY = YES;
                CODE_SIGN_ENTITLEMENTS = ShareExtension/ShareExtension.entitlements;
                CODE_SIGN_STYLE = Automatic;
                CURRENT_PROJECT_VERSION = 1;
                "EXCLUDED_ARCHS[sdk=iphonesimulator*]" = x86_64;
                GENERATE_INFOPLIST_FILE = YES;
                INFOPLIST_FILE = ShareExtension/Info.plist;
                INFOPLIST_KEY_CFBundleDisplayName = "위시리스트";
                IPHONEOS_DEPLOYMENT_TARGET = 17.0;
                LD_RUNPATH_SEARCH_PATHS = ("$(inherited)", "@executable_path/Frameworks", "@executable_path/../../Frameworks");
                MARKETING_VERSION = 0.1.0;
                PRODUCT_BUNDLE_IDENTIFIER = app.wishlist.ios.share;
                PRODUCT_NAME = "$(TARGET_NAME)";
                SKIP_INSTALL = YES;
                SUPPORTED_PLATFORMS = "iphoneos iphonesimulator";
                SUPPORTS_MACCATALYST = NO;
                SWIFT_VERSION = 5.0;
                TARGETED_DEVICE_FAMILY = "1,2";
            };
            name = Debug;
        };
        D10000000000000000000002 /* ShareExtension Release */ = {
            isa = XCBuildConfiguration;
            buildSettings = {
                APPLICATION_EXTENSION_API_ONLY = YES;
                CODE_SIGN_ENTITLEMENTS = ShareExtension/ShareExtension.entitlements;
                CODE_SIGN_STYLE = Automatic;
                CURRENT_PROJECT_VERSION = 1;
                "EXCLUDED_ARCHS[sdk=iphonesimulator*]" = x86_64;
                GENERATE_INFOPLIST_FILE = YES;
                INFOPLIST_FILE = ShareExtension/Info.plist;
                INFOPLIST_KEY_CFBundleDisplayName = "위시리스트";
                IPHONEOS_DEPLOYMENT_TARGET = 17.0;
                LD_RUNPATH_SEARCH_PATHS = ("$(inherited)", "@executable_path/Frameworks", "@executable_path/../../Frameworks");
                MARKETING_VERSION = 0.1.0;
                PRODUCT_BUNDLE_IDENTIFIER = app.wishlist.ios.share;
                PRODUCT_NAME = "$(TARGET_NAME)";
                SKIP_INSTALL = YES;
                SUPPORTED_PLATFORMS = "iphoneos iphonesimulator";
                SUPPORTS_MACCATALYST = NO;
                SWIFT_VERSION = 5.0;
                TARGETED_DEVICE_FAMILY = "1,2";
            };
            name = Release;
        };
/* End XCBuildConfiguration section */

/* Begin XCConfigurationList section */
        A90000000000000000000001 /* Project configuration list */ = {
            isa = XCConfigurationList;
            buildConfigurations = (B10000000000000000000001 /* Project Debug */, B10000000000000000000002 /* Project Release */);
            defaultConfigurationIsVisible = 0;
            defaultConfigurationName = Release;
        };
        A90000000000000000000002 /* Target configuration list */ = {
            isa = XCConfigurationList;
            buildConfigurations = (B10000000000000000000003 /* Target Debug */, B10000000000000000000004 /* Target Release */);
            defaultConfigurationIsVisible = 0;
            defaultConfigurationName = Release;
        };
        A90000000000000000000003 /* Tests configuration list */ = {
            isa = XCConfigurationList;
            buildConfigurations = (B10000000000000000000005 /* Tests Debug */, B10000000000000000000006 /* Tests Release */);
            defaultConfigurationIsVisible = 0;
            defaultConfigurationName = Release;
        };
        C90000000000000000000001 /* ShareExtension configuration list */ = {
            isa = XCConfigurationList;
            buildConfigurations = (D10000000000000000000001 /* ShareExtension Debug */, D10000000000000000000002 /* ShareExtension Release */);
            defaultConfigurationIsVisible = 0;
            defaultConfigurationName = Release;
        };
/* End XCConfigurationList section */
    };
    rootObject = A80000000000000000000001 /* Project object */;
}
